{
  "name": "@undermuz/inversify-generator-presets",
  "version": "1.0.0",
  "lockfileVersion": 3,
  "requires": true,
  "packages": {
    "": {
      "name": "@undermuz/inversify-generator-presets",
      "version": "1.0.0",
      "license": "ISC",
      "dependencies": {
        "@logtape/logtape": "^2.0.4",
        "console-log-colors": "^0.5.0",
        "inversify": "^8.1.0",
        "loglevel": "^1.9.2",
        "loglevel-plugin-prefix": "^0.8.4",
        "strip-ansi": "^7.2.0",
        "tslog": "^4.10.2"
      }
    },
    "node_modules/@inversifyjs/common": {
      "version": "2.0.1",
      "resolved": "https://registry.npmjs.org/@inversifyjs/common/-/common-2.0.1.tgz",
      "integrity": "sha512-pJAR4IAcT2jkYfZ9bD9XhtUDBLJRr8QOiSjb+2XyaHru6DLvu0VD2Id2iP7+tVRKkEe3XFUwDUEdKxcYlF699Q==",
      "license": "MIT"
    },
    "node_modules/@inversifyjs/container": {
      "version": "2.0.1",
      "resolved": "https://registry.npmjs.org/@inversifyjs/container/-/container-2.0.1.tgz",
      "integrity": "sha512-xoZU4Mha5Vo+U04xWUnD01QbpQMNoIh0nUEFlb965E3rIneUbsYYiXeLUoKl57BjXjErsOL0q8o3mXi1si8rBA==",
      "license": "MIT",
      "dependencies": {
        "@inversifyjs/common": "2.0.1",
        "@inversifyjs/core": "10.0.1",
        "@inversifyjs/plugin": "0.3.1",
        "@inversifyjs/reflect-metadata-utils": "1.5.0"
      },
      "peerDependencies": {
        "reflect-metadata": "~0.2.2"
      }
    },
    "node_modules/@inversifyjs/core": {
      "version": "10.0.1",
      "resolved": "https://registry.npmjs.org/@inversifyjs/core/-/core-10.0.1.tgz",
      "integrity": "sha512-z+DHdTbHFETivPLPRgowz9wWhHA4FNYqQnKhPyDCz7zX9H/PIDcK4gZIF1YNaf5Uc2bd1nehSlVgfaTzVbb0AA==",
      "license": "MIT",
      "dependencies": {
        "@inversifyjs/common": "2.0.1",
        "@inversifyjs/prototype-utils": "0.2.1",
        "@inversifyjs/reflect-metadata-utils": "1.5.0"
      }
    },
    "node_modules/@inversifyjs/plugin": {
      "version": "0.3.1",
      "resolved": "https://registry.npmjs.org/@inversifyjs/plugin/-/plugin-0.3.1.tgz",
      "integrity": "sha512-ByklTw731fydBCTMwMpkmwm+lv0U+JWm9NEqRsz3n5KzAC5Om2XtLjqzEC2w+8Ote3gVC3Qxsx6YmG9XLIZpvg==",
      "license": "MIT"
    },
    "node_modules/@inversifyjs/prototype-utils": {
      "version": "0.2.1",
      "resolved": "https://registry.npmjs.org/@inversifyjs/prototype-utils/-/prototype-utils-0.2.1.tgz",
      "integrity": "sha512-53cVE3cw+RxnSkGlg+jOFNSox2owJF9Fv3HgFKe4f+4aPullscltIiio88QRkx2Sc5yo3VlqPsXQFGw2CVJZnw==",
      "license": "MIT",
      "dependencies": {
        "@inversifyjs/common": "2.0.1"
      }
    },
    "node_modules/@inversifyjs/reflect-metadata-utils": {
      "version": "1.5.0",
      "resolved": "https://registry.npmjs.org/@inversifyjs/reflect-metadata-utils/-/reflect-metadata-utils-1.5.0.tgz",
      "integrity": "sha512-NpJVbRbuQ6Ao2vO+aw96un3oHDFCwXI0+pplsFt0Jh0gyR8DWk4m7ml/GBNMjdbeKVW/QgJ2S6NGXjk042uwqg==",
      "license": "MIT",
      "peerDependencies": {
        "reflect-metadata": "~0.2.2"
      }
    },
    "node_modules/@logtape/logtape": {
      "version": "2.0.4",
      "resolved": "https://registry.npmjs.org/@logtape/logtape/-/logtape-2.0.4.tgz",
      "integrity": "sha512-Z4COeAMdedcBFuFkXaPFvDPOVuHoEom1hwNnPCIkSyojyikuNguplwPoSG+kZthWrS7GiOJo1USQyjWwIFfTKA==",
      "funding": [
        "https://github.com/sponsors/dahlia"
      ],
      "license": "MIT"
    },
    "node_modules/ansi-regex": {
      "version": "6.2.2",
      "resolved": "https://registry.npmjs.org/ansi-regex/-/ansi-regex-6.2.2.tgz",
      "integrity": "sha512-Bq3SmSpyFHaWjPk8If9yc6svM8c56dB5BAtW4Qbw5jHTwwXXcTLoRMkpDJp6VL0XzlWaCHTXrkFURMYmD0sLqg==",
      "license": "MIT",
      "engines": {
        "node": ">=12"
      },
      "funding": {
        "url": "https://github.com/chalk/ansi-regex?sponsor=1"
      }
    },
    "node_modules/console-log-colors": {
      "version": "0.5.0",
      "resolved": "https://registry.npmjs.org/console-log-colors/-/console-log-colors-0.5.0.tgz",
      "integrity": "sha512-ixjGY06zMLCnNXeBdDKL6GuS1+/yQ1GorbZ9YsptP6jDgLqk/bBdQ5cTQvVveKUbO8Th6zwIhY8yRwhrpjXk6g==",
      "license": "MIT",
      "engines": {
        "node": ">= 4.1.0"
      }
    },
    "node_modules/inversify": {
      "version": "8.1.0",
      "resolved": "https://registry.npmjs.org/inversify/-/inversify-8.1.0.tgz",
      "integrity": "sha512-LeMjL2MKHM0E8UmKo2ilRvdxG3o0pLZPYFjkaHwcjcFIrhzBGetphNkaWJ6YaM78uC1gK9v45i1R7CkCJDvG4Q==",
      "license": "MIT",
      "dependencies": {
        "@inversifyjs/common": "2.0.1",
        "@inversifyjs/container": "2.0.1",
        "@inversifyjs/core": "10.0.1"
      }
    },
    "node_modules/loglevel": {
      "version": "1.9.2",
      "resolved": "https://registry.npmjs.org/loglevel/-/loglevel-1.9.2.tgz",
      "integrity": "sha512-HgMmCqIJSAKqo68l0rS2AanEWfkxaZ5wNiEFb5ggm08lDs9Xl2KxBlX3PTcaD2chBM1gXAYf491/M2Rv8Jwayg==",
      "license": "MIT",
      "engines": {
        "node": ">= 0.6.0"
      },
      "funding": {
        "type": "tidelift",
        "url": "https://tidelift.com/funding/github/npm/loglevel"
      }
    },
    "node_modules/loglevel-plugin-prefix": {
      "version": "0.8.4",
      "resolved": "https://registry.npmjs.org/loglevel-plugin-prefix/-/loglevel-plugin-prefix-0.8.4.tgz",
      "integrity": "sha512-WpG9CcFAOjz/FtNht+QJeGpvVl/cdR6P0z6OcXSkr8wFJOsV2GRj2j10JLfjuA4aYkcKCNIEqRGCyTife9R8/g==",
      "license": "MIT"
    },
    "node_modules/reflect-metadata": {
      "version": "0.2.2",
      "resolved": "https://registry.npmjs.org/reflect-metadata/-/reflect-metadata-0.2.2.tgz",
      "integrity": "sha512-urBwgfrvVP/eAyXx4hluJivBKzuEbSQs9rKWCrCkbSxNv8mxPcUZKeuoF3Uy4mJl3Lwprp6yy5/39VWigZ4K6Q==",
      "license": "Apache-2.0",
      "peer": true
    },
    "node_modules/strip-ansi": {
      "version": "7.2.0",
      "resolved": "https://registry.npmjs.org/strip-ansi/-/strip-ansi-7.2.0.tgz",
      "integrity": "sha512-yDPMNjp4WyfYBkHnjIRLfca1i6KMyGCtsVgoKe/z1+6vukgaENdgGBZt+ZmKPc4gavvEZ5OgHfHdrazhgNyG7w==",
      "license": "MIT",
      "dependencies": {
        "ansi-regex": "^6.2.2"
      },
      "engines": {
        "node": ">=12"
      },
      "funding": {
        "url": "https://github.com/chalk/strip-ansi?sponsor=1"
      }
    },
    "node_modules/tslog": {
      "version": "4.10.2",
      "resolved": "https://registry.npmjs.org/tslog/-/tslog-4.10.2.tgz",
      "integrity": "sha512-XuELoRpMR+sq8fuWwX7P0bcj+PRNiicOKDEb3fGNURhxWVyykCi9BNq7c4uVz7h7P0sj8qgBsr5SWS6yBClq3g==",
      "license": "MIT",
      "engines": {
        "node": ">=16"
      },
      "funding": {
        "url": "https://github.com/fullstack-build/tslog?sponsor=1"
      }
    }
  }
}
